// !$*UTF8*$!
{
	archiveVersion = 1;
	classes = {
	};
	objectVersion = 50;
	objects = {

/* Begin PBXBuildFile section */
		1268B350211F93BD00AB8166 /* AppDelegate.swift in Sources */ = {isa = PBXBuildFile; fileRef = 1268B34F211F93BD00AB8166 /* AppDelegate.swift */; };
		1268B352211F93BD00AB8166 /* ViewController.swift in Sources */ = {isa = PBXBuildFile; fileRef = 1268B351211F93BD00AB8166 /* ViewController.swift */; };
		1268B355211F93BD00AB8166 /* Main.storyboard in Resources */ = {isa = PBXBuildFile; fileRef = 1268B353211F93BD00AB8166 /* Main.storyboard */; };
		1268B357211F93BE00AB8166 /* Assets.xcassets in Resources */ = {isa = PBXBuildFile; fileRef = 1268B356211F93BE00AB8166 /* Assets.xcassets */; };
		1268B35A211F93BE00AB8166 /* LaunchScreen.storyboard in Resources */ = {isa = PBXBuildFile; fileRef = 1268B358211F93BE00AB8166 /* LaunchScreen.storyboard */; };
/* End PBXBuildFile section */

/* Begin PBXFileReference section */
		1268B34C211F93BD00AB8166 /* Fahrenheit_To_Celsius.app */ = {isa = PBXFileReference; explicitFileType = wrapper.application; includeInIndex = 0; path = Fahrenheit_To_Celsius.app; sourceTree = BUILT_PRODUCTS_DIR; };
		1268B34F211F93BD00AB8166 /* AppDelegate.swift */ = {isa = PBXFileReference; lastKnownFileType = sourcecode.swift; path = AppDelegate.swift; sourceTree = "<group>"; };
		1268B351211F93BD00AB8166 /* ViewController.swift */ = {isa = PBXFileReference; lastKnownFileType = sourcecode.swift; path = ViewController.swift; sourceTree = "<group>"; };
		1268B354211F93BD00AB8166 /* Base */ = {isa = PBXFileReference; lastKnownFileType = file.storyboard; name = Base; path = Base.lproj/Main.storyboard; sourceTree = "<group>"; };
		1268B356211F93BE00AB8166 /* Assets.xcassets */ = {isa = PBXFileReference; lastKnownFileType = folder.assetcatalog; path = Assets.xcassets; sourceTree = "<group>"; };
		1268B359211F93BE00AB8166 /* Base */ = {isa = PBXFileReference; lastKnownFileType = file.storyboard; name = Base; path = Base.lproj/LaunchScreen.storyboard; sourceTree = "<group>"; };
		1268B35B211F93BE00AB8166 /* Info.plist */ = {isa = PBXFileReference; lastKnownFileType = text.plist.xml; path = Info.plist; sourceTree = "<group>"; };
/* End PBXFileReference section */

/* Begin PBXFrameworksBuildPhase section */
		1268B349211F93BD00AB8166 /* Frameworks */ = {
			isa = PBXFrameworksBuildPhase;
			buildActionMask = 2147483647;
			files = (
			);
			runOnlyForDeploymentPostprocessing = 0;
		};
/* End PBXFrameworksBuildPhase section */

/* Begin PBXGroup section */
		1268B343211F93BD00AB8166 = {
			isa = PBXGroup;
			children = (
				1268B34E211F93BD00AB8166 /* Fahrenheit_To_Celsius */,
				1268B34D211F93BD00AB8166 /* Products */,
			);
			sourceTree = "<group>";
		};
		1268B34D211F93BD00AB8166 /* Products */ = {
			isa = PBXGroup;
			children = (
				1268B34C211F93BD00AB8166 /* Fahrenheit_To_Celsius.app */,
			);
			name = Products;
			sourceTree = "<group>";
		};
		1268B34E211F93BD00AB8166 /* Fahrenheit_To_Celsius */ = {
			isa = PBXGroup;
			children = (
				1268B34F211F93BD00AB8166 /* AppDelegate.swift */,
				1268B351211F93BD00AB8166 /* ViewController.swift */,
				1268B353211F93BD00AB8166 /* Main.storyboard */,
				1268B356211F93BE00AB8166 /* Assets.xcassets */,
				1268B358211F93BE00AB8166 /* LaunchScreen.storyboard */,
				1268B35B211F93BE00AB8166 /* Info.plist */,
			);
			path = Fahrenheit_To_Celsius;
			sourceTree = "<group>";
		};
/* End PBXGroup section */

/* Begin PBXNativeTarget section */
		1268B34B211F93BD00AB8166 /* Fahrenheit_To_Celsius */ = {
			isa = PBXNativeTarget;
			buildConfigurationList = 1268B35E211F93BF00AB8166 /* Build configuration list for PBXNativeTarget "Fahrenheit_To_Celsius" */;
			buildPhases = (
				1268B348211F93BD00AB8166 /* Sources */,
				1268B349211F93BD00AB8166 /* Frameworks */,
				1268B34A211F93BD00AB8166 /* Resources */,
			);
			buildRules = (
			);
			dependencies = (
			);
			name = Fahrenheit_To_Celsius;
			productName = Fahrenheit_To_Celsius;
			productReference = 1268B34C211F93BD00AB8166 /* Fahrenheit_To_Celsius.app */;
			productType = "com.apple.product-type.application";
		};
/* End PBXNativeTarget section */

/* Begin PBXProject section */
		1268B344211F93BD00AB8166 /* Project object */ = {
			isa = PBXProject;
			attributes = {
				LastSwiftUpdateCheck = 0940;
				LastUpgradeCheck = 0940;
				ORGANIZATIONNAME = "christopher white";
				TargetAttributes = {
					1268B34B211F93BD00AB8166 = {
						CreatedOnToolsVersion = 9.4;
					};
				};
			};
			buildConfigurationList = 1268B347211F93BD00AB8166 /* Build configuration list for PBXProject "Fahrenheit_To_Celsius" */;
			compatibilityVersion = "Xcode 9.3";
			developmentRegion = en;
			hasScannedForEncodings = 0;
			knownRegions = (
				en,
				Base,
			);
			mainGroup = 1268B343211F93BD00AB8166;
			productRefGroup = 1268B34D211F93BD00AB8166 /* Products */;
			projectDirPath = "";
			projectRoot = "";
			targets = (
				1268B34B211F93BD00AB8166 /* Fahrenheit_To_Celsius */,
			);
		};
/* End PBXProject section */

/* Begin PBXResourcesBuildPhase section */
		1268B34A211F93BD00AB8166 /* Resources */ = {
			isa = PBXResourcesBuildPhase;
			buildActionMask = 2147483647;
			files = (
				1268B35A211F93BE00AB8166 /* LaunchScreen.storyboard in Resources */,
				1268B357211F93BE00AB8166 /* Assets.xcassets in Resources */,
				1268B355211F93BD00AB8166 /* Main.storyboard in Resources */,
			);
			runOnlyForDeploymentPostprocessing = 0;
		};
/* End PBXResourcesBuildPhase section */

/* Begin PBXSourcesBuildPhase section */
		1268B348211F93BD00AB8166 /* Sources */ = {
			isa = PBXSourcesBuildPhase;
			buildActionMask = 2147483647;
			files = (
				1268B352211F93BD00AB8166 /* ViewController.swift in Sources */,
				1268B350211F93BD00AB8166 /* AppDelegate.swift in Sources */,
			);
			runOnlyForDeploymentPostprocessing = 0;
		};
/* End PBXSourcesBuildPhase section */

/* Begin PBXVariantGroup section */
		1268B353211F93BD00AB8166 /* Main.storyboard */ = {
			isa = PBXVariantGroup;
			children = (
				1268B354211F93BD00AB8166 /* Base */,
			);
			name = Main.storyboard;
			sourceTree = "<group>";
		};
		1268B358211F93BE00AB8166 /* LaunchScreen.storyboard */ = {
			isa = PBXVariantGroup;
			children = (
				1268B359211F93BE00AB8166 /* Base */,
			);
			name = LaunchScreen.storyboard;
			sourceTree = "<group>";
		};
/* End PBXVariantGroup section */

/* Begin XCBuildConfiguration section */
		1268B35C211F93BE00AB8166 /* Debug */ = {
			isa = XCBuildConfiguration;
			buildSettings = {
				ALWAYS_SEARCH_USER_PATHS = NO;
				CLANG_ANALYZER_NONNULL = YES;
				CLANG_ANALYZER_NUMBER_OBJECT_CONVERSION = YES_AGGRESSIVE;
				CLANG_CXX_LANGUAGE_STANDARD = "gnu++14";
				CLANG_CXX_LIBRARY = "libc++";
				CLANG_ENABLE_MODULES = YES;
				CLANG_ENABLE_OBJC_ARC = YES;
				CLANG_ENABLE_OBJC_WEAK = YES;
				CLANG_WARN_BLOCK_CAPTURE_AUTORELEASING = YES;
				CLANG_WARN_BOOL_CONVERSION = YES;
				CLANG_WARN_COMMA = YES;
				CLANG_WARN_CONSTANT_CONVERSION = YES;
				CLANG_WARN_DEPRECATED_OBJC_IMPLEMENTATIONS = YES;
				CLANG_WARN_DIRECT_OBJC_ISA_USAGE = YES_ERROR;
				CLANG_WARN_DOCUMENTATION_COMMENTS = YES;
				CLANG_WARN_EMPTY_BODY = YES;
				CLANG_WARN_ENUM_CONVERSION = YES;
				CLANG_WARN_INFINITE_RECURSION = YES;
				CLANG_WARN_INT_CONVERSION = YES;
				CLANG_WARN_NON_LITERAL_NULL_CONVERSION = YES;
				CLANG_WARN_OBJC_IMPLICIT_RETAIN_SELF = YES;
				CLANG_WARN_OBJC_LITERAL_CONVERSION = YES;
				CLANG_WARN_OBJC_ROOT_CLASS = YES_ERROR;
				CLANG_WARN_RANGE_LOOP_ANALYSIS = YES;
				CLANG_WARN_STRICT_PROTOTYPES = YES;
				CLANG_WARN_SUSPICIOUS_MOVE = YES;
				CLANG_WARN_UNGUARDED_AVAILABILITY = YES_AGGRESSIVE;
				CLANG_WARN_UNREACHABLE_CODE = YES;
				CLANG_WARN__DUPLICATE_METHOD_MATCH = YES;
				CODE_SIGN_IDENTITY = "iPhone Developer";
				COPY_PHASE_STRIP = NO;
				DEBUG_INFORMATION_FORMAT = dwarf;
				ENABLE_STRICT_OBJC_MSGSEND = YES;
				ENABLE_TESTABILITY = YES;
				GCC_C_LANGUAGE_STANDARD = gnu11;
				GCC_DYNAMIC_NO_PIC = NO;
				GCC_NO_COMMON_BLOCKS = YES;
				GCC_OPTIMIZATION_LEVEL = 0;
				GCC_PREPROCESSOR_DEFINITIONS = (
					"DEBUG=1",
					"$(inherited)",
				);
				GCC_WARN_64_TO_32_BIT_CONVERSION = YES;
				GCC_WARN_ABOUT_RETURN_TYPE = YES_ERROR;
				GCC_WARN_UNDECLARED_SELECTOR = YES;
				GCC_WARN_UNINITIALIZED_AUTOS = YES_AGGRESSIVE;
				GCC_WARN_UNUSED_FUNCTION = YES;
				GCC_WARN_UNUSED_VARIABLE = YES;
				IPHONEOS_DEPLOYMENT_TARGET = 11.4;
				MTL_ENABLE_DEBUG_INFO = YES;
				ONLY_ACTIVE_ARCH = YES;
				SDKROOT = iphoneos;
				SWIFT_ACTIVE_COMPILATION_CONDITIONS = DEBUG;
				SWIFT_OPTIMIZATION_LEVEL = "-Onone";
			};
			name = Debug;
		};
		1268B35D211F93BE00AB8166 /* Release */ = {
			isa = XCBuildConfiguration;
			buildSettings = {
				ALWAYS_SEARCH_USER_PATHS = NO;
				CLANG_ANALYZER_NONNULL = YES;
				CLANG_ANALYZER_NUMBER_OBJECT_CONVERSION = YES_AGGRESSIVE;
				CLANG_CXX_LANGUAGE_STANDARD = "gnu++14";
				CLANG_CXX_LIBRARY = "libc++";
				CLANG_ENABLE_MODULES = YES;
				CLANG_ENABLE_OBJC_ARC = YES;
				CLANG_ENABLE_OBJC_WEAK = YES;
				CLANG_WARN_BLOCK_CAPTURE_AUTORELEASING = YES;
				CLANG_WARN_BOOL_CONVERSION = YES;
				CLANG_WARN_COMMA = YES;
				CLANG_WARN_CONSTANT_CONVERSION = YES;
				CLANG_WARN_DEPRECATED_OBJC_IMPLEMENTATIONS = YES;
				CLANG_WARN_DIRECT_OBJC_ISA_USAGE = YES_ERROR;
				CLANG_WARN_DOCUMENTATION_COMMENTS = YES;
				CLANG_WARN_EMPTY_BODY = YES;
				CLANG_WARN_ENUM_CONVERSION = YES;
				CLANG_WARN_INFINITE_RECURSION = YES;
				CLANG_WARN_INT_CONVERSION = YES;
				CLANG_WARN_NON_LITERAL_NULL_CONVERSION = YES;
				CLANG_WARN_OBJC_IMPLICIT_RETAIN_SELF = YES;
				CLANG_WARN_OBJC_LITERAL_CONVERSION = YES;
				CLANG_WARN_OBJC_ROOT_CLASS = YES_ERROR;
				CLANG_WARN_RANGE_LOOP_ANALYSIS = YES;
				CLANG_WARN_STRICT_PROTOTYPES = YES;
				CLANG_WARN_SUSPICIOUS_MOVE = YES;
				CLANG_WARN_UNGUARDED_AVAILABILITY = YES_AGGRESSIVE;
				CLANG_WARN_UNREACHABLE_CODE = YES;
				CLANG_WARN__DUPLICATE_METHOD_MATCH = YES;
				CODE_SIGN_IDENTITY = "iPhone Developer";
				COPY_PHASE_STRIP = NO;
				DEBUG_INFORMATION_FORMAT = "dwarf-with-dsym";
				ENABLE_NS_ASSERTIONS = NO;
				ENABLE_STRICT_OBJC_MSGSEND = YES;
				GCC_C_LANGUAGE_STANDARD = gnu11;
				GCC_NO_COMMON_BLOCKS = YES;
				GCC_WARN_64_TO_32_BIT_CONVERSION = YES;
				GCC_WARN_ABOUT_RETURN_TYPE = YES_ERROR;
				GCC_WARN_UNDECLARED_SELECTOR = YES;
				GCC_WARN_UNINITIALIZED_AUTOS = YES_AGGRESSIVE;
				GCC_WARN_UNUSED_FUNCTION = YES;
				GCC_WARN_UNUSED_VARIABLE = YES;
				IPHONEOS_DEPLOYMENT_TARGET = 11.4;
				MTL_ENABLE_DEBUG_INFO = NO;
				SDKROOT = iphoneos;
				SWIFT_COMPILATION_MODE = wholemodule;
				SWIFT_OPTIMIZATION_LEVEL = "-O";
				VALIDATE_PRODUCT = YES;
			};
			name = Release;
		};
		1268B35F211F93BF00AB8166 /* Debug */ = {
			isa = XCBuildConfiguration;
			buildSettings = {
				ASSETCATALOG_COMPILER_APPICON_NAME = AppIcon;
				CODE_SIGN_STYLE = Automatic;
				DEVELOPMENT_TEAM = 83UFDMYGT9;
				INFOPLIST_FILE = Fahrenheit_To_Celsius/Info.plist;
				LD_RUNPATH_SEARCH_PATHS = (
					"$(inherited)",
					"@executable_path/Frameworks",
				);
				PRODUCT_BUNDLE_IDENTIFIER = "chris.Fahrenheit-To-Celsius";
				PRODUCT_NAME = "$(TARGET_NAME)";
				SWIFT_VERSION = 4.0;
				TARGETED_DEVICE_FAMILY = "1,2";
			};
			name = Debug;
		};
		1268B360211F93BF00AB8166 /* Release */ = {
			isa = XCBuildConfiguration;
			buildSettings = {
				ASSETCATALOG_COMPILER_APPICON_NAME = AppIcon;
				CODE_SIGN_STYLE = Automatic;
				DEVELOPMENT_TEAM = 83UFDMYGT9;
				INFOPLIST_FILE = Fahrenheit_To_Celsius/Info.plist;
				LD_RUNPATH_SEARCH_PATHS = (
					"$(inherited)",
					"@executable_path/Frameworks",
				);
				PRODUCT_BUNDLE_IDENTIFIER = "chris.Fahrenheit-To-Celsius";
				PRODUCT_NAME = "$(TARGET_NAME)";
				SWIFT_VERSION = 4.0;
				TARGETED_DEVICE_FAMILY = "1,2";
			};
			name = Release;
		};
/* End XCBuildConfiguration section */

/* Begin XCConfigurationList section */
		1268B347211F93BD00AB8166 /* Build configuration list for PBXProject "Fahrenheit_To_Celsius" */ = {
			isa = XCConfigurationList;
			buildConfigurations = (
				1268B35C211F93BE00AB8166 /* Debug */,
				1268B35D211F93BE00AB8166 /* Release */,
			);
			defaultConfigurationIsVisible = 0;
			defaultConfigurationName = Release;
		};
		1268B35E211F93BF00AB8166 /* Build configuration list for PBXNativeTarget "Fahrenheit_To_Celsius" */ = {
			isa = XCConfigurationList;
			buildConfigurations = (
				1268B35F211F93BF00AB8166 /* Debug */,
				1268B360211F93BF00AB8166 /* Release */,
			);
			defaultConfigurationIsVisible = 0;
			defaultConfigurationName = Release;
		};
/* End XCConfigurationList section */
	};
	rootObject = 1268B344211F93BD00AB8166 /* Project object */;
}
